{
  "name": "ccswitch",
  "version": "1.0.0",
  "lockfileVersion": 3,
  "requires": true,
  "packages": {
    "": {
      "name": "ccswitch",
      "version": "1.0.0",
      "license": "MIT",
      "bin": {
        "ccswitch": "ccswitch.mjs"
      },
      "engines": {
        "node": ">=20"
      }
    }
  }
}
